
Microsoft Visual Studio Solution File, Format Version 12.00
# Visual Studio 14
VisualStudioVersion = 14.0.25420.1
MinimumVisualStudioVersion = 10.0.40219.1
Project("{FAE04EC0-301F-11D3-BF4B-00C04F79EFBC}") = "Stockholms Sjukhem.Tests", "Stockholms Sjukhem.Tests\Stockholms Sjukhem.Tests.csproj", "{A09BC020-4105-4F5F-88D5-3476612E7A53}"
	ProjectSection(ProjectDependencies) = postProject
		{892FD604-384F-4D27-A856-B7E92CC283D9} = {892FD604-384F-4D27-A856-B7E92CC283D9}
	EndProjectSection
EndProject
Project("{FAE04EC0-301F-11D3-BF4B-00C04F79EFBC}") = "Stockholms Sjukhem.Core", "Stockholms Sjukhem.Core\Stockholms Sjukhem.Core.csproj", "{256612B1-DD01-49EE-8AE2-DB9713F26210}"
EndProject
Project("{FAE04EC0-301F-11D3-BF4B-00C04F79EFBC}") = "Stockholms Sjukhem.Web", "Stockholms Sjukhem.Web\Stockholms Sjukhem.Web.csproj", "{892FD604-384F-4D27-A856-B7E92CC283D9}"
EndProject
Global
	GlobalSection(SolutionConfigurationPlatforms) = preSolution
		Debug|Any CPU = Debug|Any CPU
		Release|Any CPU = Release|Any CPU
	EndGlobalSection
	GlobalSection(ProjectConfigurationPlatforms) = postSolution
		{A09BC020-4105-4F5F-88D5-3476612E7A53}.Debug|Any CPU.ActiveCfg = Debug|Any CPU
		{A09BC020-4105-4F5F-88D5-3476612E7A53}.Debug|Any CPU.Build.0 = Debug|Any CPU
		{A09BC020-4105-4F5F-88D5-3476612E7A53}.Release|Any CPU.ActiveCfg = Release|Any CPU
		{A09BC020-4105-4F5F-88D5-3476612E7A53}.Release|Any CPU.Build.0 = Release|Any CPU
		{256612B1-DD01-49EE-8AE2-DB9713F26210}.Debug|Any CPU.ActiveCfg = Debug|Any CPU
		{256612B1-DD01-49EE-8AE2-DB9713F26210}.Debug|Any CPU.Build.0 = Debug|Any CPU
		{256612B1-DD01-49EE-8AE2-DB9713F26210}.Release|Any CPU.ActiveCfg = Release|Any CPU
		{256612B1-DD01-49EE-8AE2-DB9713F26210}.Release|Any CPU.Build.0 = Release|Any CPU
		{892FD604-384F-4D27-A856-B7E92CC283D9}.Debug|Any CPU.ActiveCfg = Debug|Any CPU
		{892FD604-384F-4D27-A856-B7E92CC283D9}.Debug|Any CPU.Build.0 = Debug|Any CPU
		{892FD604-384F-4D27-A856-B7E92CC283D9}.Release|Any CPU.ActiveCfg = Release|Any CPU
		{892FD604-384F-4D27-A856-B7E92CC283D9}.Release|Any CPU.Build.0 = Release|Any CPU
	EndGlobalSection
	GlobalSection(SolutionProperties) = preSolution
		HideSolutionNode = FALSE
	EndGlobalSection
EndGlobal
